// !$*UTF8*$!
{
	archiveVersion = 1;
	classes = {
	};
	objectVersion = 46;
	objects = {

/* Begin PBXBuildFile section */
		0DC26C0FAEAD21F83061CFE4CE7DBADD /* Pods-07-TaskScrapping-dummy.m in Sources */ = {isa = PBXBuildFile; fileRef = 255113BC8139C5C27A02003C0FE8EFD9 /* Pods-07-TaskScrapping-dummy.m */; };
		0E68F01198AC92D138AFD90E3F5042B7 /* ServerTrustEvaluation.swift in Sources */ = {isa = PBXBuildFile; fileRef = DB8CBFCC3690CF4238EFB934A16B7E62 /* ServerTrustEvaluation.swift */; };
		10DD390411FFA0651ACA97E01036553E /* Validation.swift in Sources */ = {isa = PBXBuildFile; fileRef = EA8A4225EE647E1A7BD7E1556CA341C6 /* Validation.swift */; };
		14764A66B3EB07C08B9137E839A6C7D8 /* Result+Alamofire.swift in Sources */ = {isa = PBXBuildFile; fileRef = 2E4D3A79E90E1A82C4EF8A13D48DF3AC /* Result+Alamofire.swift */; };
		19A3A2BE78E4C309207B447210F88656 /* ParameterEncoder.swift in Sources */ = {isa = PBXBuildFile; fileRef = B11E5B028BC833CDEEA5C0ED73FE7236 /* ParameterEncoder.swift */; };
		1BFABFC73768C92BC0BF0DFC90A4864C /* libxmlParserOption.swift in Sources */ = {isa = PBXBuildFile; fileRef = F9C1B64BC361968673F7B9E85D9323AE /* libxmlParserOption.swift */; };
		2627A1CC3A68ECEAD24E31D38EE0E9CD /* Kanna.swift in Sources */ = {isa = PBXBuildFile; fileRef = A7D32C15B0B295F2A11616C29CE26B69 /* Kanna.swift */; };
		292B6A00B4AB38D2E722633A8DFEB146 /* Combine.swift in Sources */ = {isa = PBXBuildFile; fileRef = D7D2F49FA5F22A6488597601BAEA6AA1 /* Combine.swift */; };
		30D5B0D5D9AAAE3DF292D94C7DBCB794 /* Alamofire-umbrella.h in Headers */ = {isa = PBXBuildFile; fileRef = AA1A4C82601345C28524AC8D9D6EA563 /* Alamofire-umbrella.h */; settings = {ATTRIBUTES = (Public, ); }; };
		358364178B46D1C7AEC04E317AFFFE0C /* URLRequest+Alamofire.swift in Sources */ = {isa = PBXBuildFile; fileRef = 75E248DA36ABE616A815A3AA9847DF8E /* URLRequest+Alamofire.swift */; };
		37EB8DC68B2F0B4061B8B21CAEA0CC92 /* RequestTaskMap.swift in Sources */ = {isa = PBXBuildFile; fileRef = 938AEF9A40C30BB3AAC42F7F413139E0 /* RequestTaskMap.swift */; };
		3FC0E6BF09A9AF5BA5E033F07D6BEB8F /* libxmlHTMLDocument.swift in Sources */ = {isa = PBXBuildFile; fileRef = 29745939E4DA32E67580B18317A4B309 /* libxmlHTMLDocument.swift */; };
		4187B5CBFF3CCA1EE8572757A9D0B556 /* DispatchQueue+Alamofire.swift in Sources */ = {isa = PBXBuildFile; fileRef = A8B806CCF9441493D64CADE18067750A /* DispatchQueue+Alamofire.swift */; };
		427F9770832D44537A9C909DCE023CBC /* URLEncodedFormEncoder.swift in Sources */ = {isa = PBXBuildFile; fileRef = CB14707E9E06B19853BD76FF189812DA /* URLEncodedFormEncoder.swift */; };
		461EC8E8DF1D5F81C541498F1C866A0C /* Foundation.framework in Frameworks */ = {isa = PBXBuildFile; fileRef = 89DC365FEF314CAE9760892B813E187E /* Foundation.framework */; };
		4890D42EB369AD225E52A006FB556BB5 /* Foundation.framework in Frameworks */ = {isa = PBXBuildFile; fileRef = 89DC365FEF314CAE9760892B813E187E /* Foundation.framework */; };
		4B1B2FDD254CFD6B68EF628CF3244694 /* AFError.swift in Sources */ = {isa = PBXBuildFile; fileRef = 31A1A05BE8E4C5F5C1FCD7B5435932A1 /* AFError.swift */; };
		4CFEE61191CD73C3D67F57D4B3823763 /* RequestInterceptor.swift in Sources */ = {isa = PBXBuildFile; fileRef = D99A74750D76C2E5FDF51EF3C8619FE9 /* RequestInterceptor.swift */; };
		5068CB30342CE1B889BC8919C369FDFC /* Kanna.h in Headers */ = {isa = PBXBuildFile; fileRef = 2E4BA39886BFC4FBF6666304E0DCB4FA /* Kanna.h */; settings = {ATTRIBUTES = (Public, ); }; };
		5522176D690372437D03B790EBD5AAD9 /* Notifications.swift in Sources */ = {isa = PBXBuildFile; fileRef = 8C578154717400A54B2D37A848EC1754 /* Notifications.swift */; };
		55F0A1ADFC4B9CFF5EB781EF3CBFC4AD /* HTTPHeaders.swift in Sources */ = {isa = PBXBuildFile; fileRef = 2FCF938EAE07D28687B1B0C732F39FC6 /* HTTPHeaders.swift */; };
		5E5FA0DEAA11DBA3C49FB4EB05D59514 /* AlamofireExtended.swift in Sources */ = {isa = PBXBuildFile; fileRef = 279C2E563E3A4EE766E2920C5FAE021E /* AlamofireExtended.swift */; };
		5ED43890B318C3637D20F3733888C9D5 /* MultipartFormData.swift in Sources */ = {isa = PBXBuildFile; fileRef = 8B6AAD2818F02748A8E5CC7A3D84E392 /* MultipartFormData.swift */; };
		5EFF980ECF83838DBC0B9D6D06ED0F22 /* Deprecated.swift in Sources */ = {isa = PBXBuildFile; fileRef = F21D026E22D14CC067C12D553B20479E /* Deprecated.swift */; };
		60516F32A790055E89DB6E815B6E5F7B /* ResponseSerialization.swift in Sources */ = {isa = PBXBuildFile; fileRef = D3757A6A7A064DD546D39E657023935E /* ResponseSerialization.swift */; };
		7E43581A570B0BFBEB695C0A1BD53D03 /* Kanna-dummy.m in Sources */ = {isa = PBXBuildFile; fileRef = 65B142E0AEDC9B6B144F8885E3E4759A /* Kanna-dummy.m */; };
		8C1EFC3F916F54DDDC8D955EC3787DF6 /* Request.swift in Sources */ = {isa = PBXBuildFile; fileRef = 867CC9E48A49CC10FDA5FC5394DEC815 /* Request.swift */; };
		8F0E80031A7D6EA7482E7D905F4D9FB9 /* RedirectHandler.swift in Sources */ = {isa = PBXBuildFile; fileRef = 23FA88C0C7EBB93652444080485F3D7D /* RedirectHandler.swift */; };
		8FFE42F4C91BD866ABF83CEC10433839 /* CachedResponseHandler.swift in Sources */ = {isa = PBXBuildFile; fileRef = 0994F6923ECA1F17D37E1BC3A1E3E374 /* CachedResponseHandler.swift */; };
		958603139AA7BC0E80A2A604523087D3 /* Kanna-umbrella.h in Headers */ = {isa = PBXBuildFile; fileRef = AF2668DCB610DF988DE2D2F714ECA0B9 /* Kanna-umbrella.h */; settings = {ATTRIBUTES = (Public, ); }; };
		9B1F509DB9DCE8C251E464F6D5D6FC9F /* SessionDelegate.swift in Sources */ = {isa = PBXBuildFile; fileRef = 34BA689B0E70A67109B84CE80E561C9F /* SessionDelegate.swift */; };
		9CC447445BCDEE1FB47BF9D726736A76 /* libxmlHTMLNode.swift in Sources */ = {isa = PBXBuildFile; fileRef = 8D8A8F14A11F10B52A88529A6517679B /* libxmlHTMLNode.swift */; };
		9D1E8FD7EC7AA80A5D70EDAECB07D18D /* CSS.swift in Sources */ = {isa = PBXBuildFile; fileRef = BD0E8D7A3C10BA66422AD689C024CBA4 /* CSS.swift */; };
		A159B6EA68C09E635C95A42A770D2B73 /* StringEncoding+Alamofire.swift in Sources */ = {isa = PBXBuildFile; fileRef = C29DBF6BB8987BB43D495E6BC783741E /* StringEncoding+Alamofire.swift */; };
		A85A7FC90F2502E2F7DE6DD9028D96F7 /* HTTPMethod.swift in Sources */ = {isa = PBXBuildFile; fileRef = 56FB35C863174BB3884CF393C1B53696 /* HTTPMethod.swift */; };
		B92742526E4F6AAA4B7F8298E1D63337 /* URLSessionConfiguration+Alamofire.swift in Sources */ = {isa = PBXBuildFile; fileRef = F1386361894511160A2A2BA6DEDD1CE6 /* URLSessionConfiguration+Alamofire.swift */; };
		C55B820FB6EB8114291A1876620408B9 /* Pods-07-TaskScrapping-umbrella.h in Headers */ = {isa = PBXBuildFile; fileRef = 54D6AA0BB0319A89D6F71ACB48FBBDCB /* Pods-07-TaskScrapping-umbrella.h */; settings = {ATTRIBUTES = (Public, ); }; };
		C702E5A6E7DC6F8A99AE21ACD99493FA /* NetworkReachabilityManager.swift in Sources */ = {isa = PBXBuildFile; fileRef = 10B8618A8D701801E196934084A09104 /* NetworkReachabilityManager.swift */; };
		C9E240A623C2A63C5C45F45E40EBE3E7 /* OperationQueue+Alamofire.swift in Sources */ = {isa = PBXBuildFile; fileRef = 0536910F297BF0AEC38A34E0AAD1C9C4 /* OperationQueue+Alamofire.swift */; };
		CD94C46D93FF984FDDC92B826F25678B /* URLConvertible+URLRequestConvertible.swift in Sources */ = {isa = PBXBuildFile; fileRef = C84D3072E73EEF43774C792C4217AAC3 /* URLConvertible+URLRequestConvertible.swift */; };
		CFFD6F174736DEA5A9433FAF2A992BEC /* CFNetwork.framework in Frameworks */ = {isa = PBXBuildFile; fileRef = C6757C44D1A8B62FD3A7062E345EA7F6 /* CFNetwork.framework */; };
		D945CF051973CFC3BA973116D00CCEB6 /* Foundation.framework in Frameworks */ = {isa = PBXBuildFile; fileRef = 89DC365FEF314CAE9760892B813E187E /* Foundation.framework */; };
		DA0930639C2EDCF4EE4EDD20546A52BA /* EventMonitor.swift in Sources */ = {isa = PBXBuildFile; fileRef = 35FDC0E570E57DD777975840F89E94DC /* EventMonitor.swift */; };
		DC694D90333676AF2BD9F68132D9E694 /* Protected.swift in Sources */ = {isa = PBXBuildFile; fileRef = 35D7402D98C7D4B9A903826580E8787E /* Protected.swift */; };
		DD9DBD24CD8153269CA9EF6ECDBADE7D /* Alamofire-dummy.m in Sources */ = {isa = PBXBuildFile; fileRef = F49AAC04888BD385FB1E9AE4909D29A9 /* Alamofire-dummy.m */; };
		DF00A4FB0A2986C377C08D9A24D81658 /* MultipartUpload.swift in Sources */ = {isa = PBXBuildFile; fileRef = CFF98B7EDADB47C0FC57924E0B6A60B9 /* MultipartUpload.swift */; };
		F08A0B2088A8FAFF3B41119FEE3A09D0 /* ParameterEncoding.swift in Sources */ = {isa = PBXBuildFile; fileRef = D144AB8CECA54FE414AF564F2D0F159F /* ParameterEncoding.swift */; };
		F50ABEB8587353BB6A1507EEEBA95052 /* AuthenticationInterceptor.swift in Sources */ = {isa = PBXBuildFile; fileRef = 687D285CE781C906CA19835F915FA1CC /* AuthenticationInterceptor.swift */; };
		F5FDE26E8E44A2AEFD3BB31E386B0C96 /* Response.swift in Sources */ = {isa = PBXBuildFile; fileRef = 350E2F009CF4F491B737D18C1991C30C /* Response.swift */; };
		F675357A1EDE71A4A1345FBFC4E85D50 /* RetryPolicy.swift in Sources */ = {isa = PBXBuildFile; fileRef = 4204A03E478F479AF475C185B8314505 /* RetryPolicy.swift */; };
		F990A75B37417CE8B5F27054B2F1727F /* Alamofire.swift in Sources */ = {isa = PBXBuildFile; fileRef = B17A6AB594515D8734769AA8943702D7 /* Alamofire.swift */; };
		FBB5FD64AD82E1E9A54E695AECD6EBF0 /* Session.swift in Sources */ = {isa = PBXBuildFile; fileRef = 411772A94C194C29E01381C5B773D860 /* Session.swift */; };
/* End PBXBuildFile section */

/* Begin PBXContainerItemProxy section */
		9A165F2C91A9D28C903CDAE01887B6A2 /* PBXContainerItemProxy */ = {
			isa = PBXContainerItemProxy;
			containerPortal = D41D8CD98F00B204E9800998ECF8427E /* Project object */;
			proxyType = 1;
			remoteGlobalIDString = 0BC61B84704CCA075D4E4510C95FDC16;
			remoteInfo = Alamofire;
		};
		FED047CDB5AEB2DE50D049396CACAD3C /* PBXContainerItemProxy */ = {
			isa = PBXContainerItemProxy;
			containerPortal = D41D8CD98F00B204E9800998ECF8427E /* Project object */;
			proxyType = 1;
			remoteGlobalIDString = 25622BDCA24151D7C101C916DCD4C64D;
			remoteInfo = Kanna;
		};
/* End PBXContainerItemProxy section */

/* Begin PBXFileReference section */
		0536910F297BF0AEC38A34E0AAD1C9C4 /* OperationQueue+Alamofire.swift */ = {isa = PBXFileReference; includeInIndex = 1; lastKnownFileType = sourcecode.swift; name = "OperationQueue+Alamofire.swift"; path = "Source/OperationQueue+Alamofire.swift"; sourceTree = "<group>"; };
		09243BFD94731CB2499D20A0B31AF71E /* Pods-07-TaskScrapping.debug.xcconfig */ = {isa = PBXFileReference; includeInIndex = 1; lastKnownFileType = text.xcconfig; path = "Pods-07-TaskScrapping.debug.xcconfig"; sourceTree = "<group>"; };
		0994F6923ECA1F17D37E1BC3A1E3E374 /* CachedResponseHandler.swift */ = {isa = PBXFileReference; includeInIndex = 1; lastKnownFileType = sourcecode.swift; name = CachedResponseHandler.swift; path = Source/CachedResponseHandler.swift; sourceTree = "<group>"; };
		10B8618A8D701801E196934084A09104 /* NetworkReachabilityManager.swift */ = {isa = PBXFileReference; includeInIndex = 1; lastKnownFileType = sourcecode.swift; name = NetworkReachabilityManager.swift; path = Source/NetworkReachabilityManager.swift; sourceTree = "<group>"; };
		1F8F0519300DC211BB5571C81BCAD987 /* Pods-07-TaskScrapping.release.xcconfig */ = {isa = PBXFileReference; includeInIndex = 1; lastKnownFileType = text.xcconfig; path = "Pods-07-TaskScrapping.release.xcconfig"; sourceTree = "<group>"; };
		23FA88C0C7EBB93652444080485F3D7D /* RedirectHandler.swift */ = {isa = PBXFileReference; includeInIndex = 1; lastKnownFileType = sourcecode.swift; name = RedirectHandler.swift; path = Source/RedirectHandler.swift; sourceTree = "<group>"; };
		255113BC8139C5C27A02003C0FE8EFD9 /* Pods-07-TaskScrapping-dummy.m */ = {isa = PBXFileReference; includeInIndex = 1; lastKnownFileType = sourcecode.c.objc; path = "Pods-07-TaskScrapping-dummy.m"; sourceTree = "<group>"; };
		279C2E563E3A4EE766E2920C5FAE021E /* AlamofireExtended.swift */ = {isa = PBXFileReference; includeInIndex = 1; lastKnownFileType = sourcecode.swift; name = AlamofireExtended.swift; path = Source/AlamofireExtended.swift; sourceTree = "<group>"; };
		29745939E4DA32E67580B18317A4B309 /* libxmlHTMLDocument.swift */ = {isa = PBXFileReference; includeInIndex = 1; lastKnownFileType = sourcecode.swift; name = libxmlHTMLDocument.swift; path = Sources/Kanna/libxmlHTMLDocument.swift; sourceTree = "<group>"; };
		2E4BA39886BFC4FBF6666304E0DCB4FA /* Kanna.h */ = {isa = PBXFileReference; includeInIndex = 1; lastKnownFileType = sourcecode.c.h; name = Kanna.h; path = Sources/Kanna/Kanna.h; sourceTree = "<group>"; };
		2E4D3A79E90E1A82C4EF8A13D48DF3AC /* Result+Alamofire.swift */ = {isa = PBXFileReference; includeInIndex = 1; lastKnownFileType = sourcecode.swift; name = "Result+Alamofire.swift"; path = "Source/Result+Alamofire.swift"; sourceTree = "<group>"; };
		2F7943CA7EF9B4B071BBB20DDF0BBFE6 /* Alamofire.framework */ = {isa = PBXFileReference; explicitFileType = wrapper.framework; includeInIndex = 0; path = Alamofire.framework; sourceTree = BUILT_PRODUCTS_DIR; };
		2FCF938EAE07D28687B1B0C732F39FC6 /* HTTPHeaders.swift */ = {isa = PBXFileReference; includeInIndex = 1; lastKnownFileType = sourcecode.swift; name = HTTPHeaders.swift; path = Source/HTTPHeaders.swift; sourceTree = "<group>"; };
		31A1A05BE8E4C5F5C1FCD7B5435932A1 /* AFError.swift */ = {isa = PBXFileReference; includeInIndex = 1; lastKnownFileType = sourcecode.swift; name = AFError.swift; path = Source/AFError.swift; sourceTree = "<group>"; };
		34BA689B0E70A67109B84CE80E561C9F /* SessionDelegate.swift */ = {isa = PBXFileReference; includeInIndex = 1; lastKnownFileType = sourcecode.swift; name = SessionDelegate.swift; path = Source/SessionDelegate.swift; sourceTree = "<group>"; };
		350E2F009CF4F491B737D18C1991C30C /* Response.swift */ = {isa = PBXFileReference; includeInIndex = 1; lastKnownFileType = sourcecode.swift; name = Response.swift; path = Source/Response.swift; sourceTree = "<group>"; };
		35D7402D98C7D4B9A903826580E8787E /* Protected.swift */ = {isa = PBXFileReference; includeInIndex = 1; lastKnownFileType = sourcecode.swift; name = Protected.swift; path = Source/Protected.swift; sourceTree = "<group>"; };
		35FDC0E570E57DD777975840F89E94DC /* EventMonitor.swift */ = {isa = PBXFileReference; includeInIndex = 1; lastKnownFileType = sourcecode.swift; name = EventMonitor.swift; path = Source/EventMonitor.swift; sourceTree = "<group>"; };
		373529150342DF45827E6BA8E12D5C0D /* Pods-07-TaskScrapping.modulemap */ = {isa = PBXFileReference; includeInIndex = 1; lastKnownFileType = sourcecode.module; path = "Pods-07-TaskScrapping.modulemap"; sourceTree = "<group>"; };
		411772A94C194C29E01381C5B773D860 /* Session.swift */ = {isa = PBXFileReference; includeInIndex = 1; lastKnownFileType = sourcecode.swift; name = Session.swift; path = Source/Session.swift; sourceTree = "<group>"; };
		4204A03E478F479AF475C185B8314505 /* RetryPolicy.swift */ = {isa = PBXFileReference; includeInIndex = 1; lastKnownFileType = sourcecode.swift; name = RetryPolicy.swift; path = Source/RetryPolicy.swift; sourceTree = "<group>"; };
		4A5A314E408482D51E8F8573BB1C3054 /* Info.plist */ = {isa = PBXFileReference; includeInIndex = 1; lastKnownFileType = text.plist.xml; path = Info.plist; sourceTree = "<group>"; };
		4F4FC724BD0D9CAB41F1A4752A22E637 /* Alamofire.modulemap */ = {isa = PBXFileReference; includeInIndex = 1; lastKnownFileType = sourcecode.module; path = Alamofire.modulemap; sourceTree = "<group>"; };
		54D6AA0BB0319A89D6F71ACB48FBBDCB /* Pods-07-TaskScrapping-umbrella.h */ = {isa = PBXFileReference; includeInIndex = 1; lastKnownFileType = sourcecode.c.h; path = "Pods-07-TaskScrapping-umbrella.h"; sourceTree = "<group>"; };
		56A7E7C30A01F0CEBDDB2D28CBDA3014 /* Kanna-prefix.pch */ = {isa = PBXFileReference; includeInIndex = 1; lastKnownFileType = sourcecode.c.h; path = "Kanna-prefix.pch"; sourceTree = "<group>"; };
		56FB35C863174BB3884CF393C1B53696 /* HTTPMethod.swift */ = {isa = PBXFileReference; includeInIndex = 1; lastKnownFileType = sourcecode.swift; name = HTTPMethod.swift; path = Source/HTTPMethod.swift; sourceTree = "<group>"; };
		64E36D1767FECCF4B785F109C7665D1A /* Alamofire.xcconfig */ = {isa = PBXFileReference; includeInIndex = 1; lastKnownFileType = text.xcconfig; path = Alamofire.xcconfig; sourceTree = "<group>"; };
		657359CDA2C6A42DEC20FED253C53378 /* Pods-07-TaskScrapping-resources.sh */ = {isa = PBXFileReference; includeInIndex = 1; lastKnownFileType = text.script.sh; path = "Pods-07-TaskScrapping-resources.sh"; sourceTree = "<group>"; };
		65B142E0AEDC9B6B144F8885E3E4759A /* Kanna-dummy.m */ = {isa = PBXFileReference; includeInIndex = 1; lastKnownFileType = sourcecode.c.objc; path = "Kanna-dummy.m"; sourceTree = "<group>"; };
		687D285CE781C906CA19835F915FA1CC /* AuthenticationInterceptor.swift */ = {isa = PBXFileReference; includeInIndex = 1; lastKnownFileType = sourcecode.swift; name = AuthenticationInterceptor.swift; path = Source/AuthenticationInterceptor.swift; sourceTree = "<group>"; };
		75E248DA36ABE616A815A3AA9847DF8E /* URLRequest+Alamofire.swift */ = {isa = PBXFileReference; includeInIndex = 1; lastKnownFileType = sourcecode.swift; name = "URLRequest+Alamofire.swift"; path = "Source/URLRequest+Alamofire.swift"; sourceTree = "<group>"; };
		867CC9E48A49CC10FDA5FC5394DEC815 /* Request.swift */ = {isa = PBXFileReference; includeInIndex = 1; lastKnownFileType = sourcecode.swift; name = Request.swift; path = Source/Request.swift; sourceTree = "<group>"; };
		89C7CE752012CBF5288191A34FB19CD2 /* Info.plist */ = {isa = PBXFileReference; includeInIndex = 1; lastKnownFileType = text.plist.xml; path = Info.plist; sourceTree = "<group>"; };
		89DC365FEF314CAE9760892B813E187E /* Foundation.framework */ = {isa = PBXFileReference; lastKnownFileType = wrapper.framework; name = Foundation.framework; path = Platforms/iPhoneOS.platform/Developer/SDKs/iPhoneOS11.3.sdk/System/Library/Frameworks/Foundation.framework; sourceTree = DEVELOPER_DIR; };
		8B6AAD2818F02748A8E5CC7A3D84E392 /* MultipartFormData.swift */ = {isa = PBXFileReference; includeInIndex = 1; lastKnownFileType = sourcecode.swift; name = MultipartFormData.swift; path = Source/MultipartFormData.swift; sourceTree = "<group>"; };
		8C578154717400A54B2D37A848EC1754 /* Notifications.swift */ = {isa = PBXFileReference; includeInIndex = 1; lastKnownFileType = sourcecode.swift; name = Notifications.swift; path = Source/Notifications.swift; sourceTree = "<group>"; };
		8D8A8F14A11F10B52A88529A6517679B /* libxmlHTMLNode.swift */ = {isa = PBXFileReference; includeInIndex = 1; lastKnownFileType = sourcecode.swift; name = libxmlHTMLNode.swift; path = Sources/Kanna/libxmlHTMLNode.swift; sourceTree = "<group>"; };
		938AEF9A40C30BB3AAC42F7F413139E0 /* RequestTaskMap.swift */ = {isa = PBXFileReference; includeInIndex = 1; lastKnownFileType = sourcecode.swift; name = RequestTaskMap.swift; path = Source/RequestTaskMap.swift; sourceTree = "<group>"; };
		93A4A3777CF96A4AAC1D13BA6DCCEA73 /* Podfile */ = {isa = PBXFileReference; explicitFileType = text.script.ruby; includeInIndex = 1; name = Podfile; path = ../Podfile; sourceTree = SOURCE_ROOT; xcLanguageSpecificationIdentifier = xcode.lang.ruby; };
		93D330ECA7CFAE56291BD1123B732424 /* Kanna.xcconfig */ = {isa = PBXFileReference; includeInIndex = 1; lastKnownFileType = text.xcconfig; path = Kanna.xcconfig; sourceTree = "<group>"; };
		93D9756080E6D815DD3B66B7CBE01673 /* Kanna.framework */ = {isa = PBXFileReference; explicitFileType = wrapper.framework; includeInIndex = 0; path = Kanna.framework; sourceTree = BUILT_PRODUCTS_DIR; };
		9D68A899DDBE22A1E7FC26C54DA09729 /* Kanna.modulemap */ = {isa = PBXFileReference; includeInIndex = 1; lastKnownFileType = sourcecode.module; path = Kanna.modulemap; sourceTree = "<group>"; };
		A7D32C15B0B295F2A11616C29CE26B69 /* Kanna.swift */ = {isa = PBXFileReference; includeInIndex = 1; lastKnownFileType = sourcecode.swift; name = Kanna.swift; path = Sources/Kanna/Kanna.swift; sourceTree = "<group>"; };
		A8B806CCF9441493D64CADE18067750A /* DispatchQueue+Alamofire.swift */ = {isa = PBXFileReference; includeInIndex = 1; lastKnownFileType = sourcecode.swift; name = "DispatchQueue+Alamofire.swift"; path = "Source/DispatchQueue+Alamofire.swift"; sourceTree = "<group>"; };
		AA1A4C82601345C28524AC8D9D6EA563 /* Alamofire-umbrella.h */ = {isa = PBXFileReference; includeInIndex = 1; lastKnownFileType = sourcecode.c.h; path = "Alamofire-umbrella.h"; sourceTree = "<group>"; };
		AF2668DCB610DF988DE2D2F714ECA0B9 /* Kanna-umbrella.h */ = {isa = PBXFileReference; includeInIndex = 1; lastKnownFileType = sourcecode.c.h; path = "Kanna-umbrella.h"; sourceTree = "<group>"; };
		B11E5B028BC833CDEEA5C0ED73FE7236 /* ParameterEncoder.swift */ = {isa = PBXFileReference; includeInIndex = 1; lastKnownFileType = sourcecode.swift; name = ParameterEncoder.swift; path = Source/ParameterEncoder.swift; sourceTree = "<group>"; };
		B17A6AB594515D8734769AA8943702D7 /* Alamofire.swift */ = {isa = PBXFileReference; includeInIndex = 1; lastKnownFileType = sourcecode.swift; name = Alamofire.swift; path = Source/Alamofire.swift; sourceTree = "<group>"; };
		B44925B12AF41CE119AE0E08B4EAE756 /* Pods_07_TaskScrapping.framework */ = {isa = PBXFileReference; explicitFileType = wrapper.framework; includeInIndex = 0; path = Pods_07_TaskScrapping.framework; sourceTree = BUILT_PRODUCTS_DIR; };
		B8A09128DA0C5B4DC5ABEFD915D417F8 /* Pods-07-TaskScrapping-frameworks.sh */ = {isa = PBXFileReference; includeInIndex = 1; lastKnownFileType = text.script.sh; path = "Pods-07-TaskScrapping-frameworks.sh"; sourceTree = "<group>"; };
		BD0E8D7A3C10BA66422AD689C024CBA4 /* CSS.swift */ = {isa = PBXFileReference; includeInIndex = 1; lastKnownFileType = sourcecode.swift; name = CSS.swift; path = Sources/Kanna/CSS.swift; sourceTree = "<group>"; };
		C29DBF6BB8987BB43D495E6BC783741E /* StringEncoding+Alamofire.swift */ = {isa = PBXFileReference; includeInIndex = 1; lastKnownFileType = sourcecode.swift; name = "StringEncoding+Alamofire.swift"; path = "Source/StringEncoding+Alamofire.swift"; sourceTree = "<group>"; };
		C6757C44D1A8B62FD3A7062E345EA7F6 /* CFNetwork.framework */ = {isa = PBXFileReference; lastKnownFileType = wrapper.framework; name = CFNetwork.framework; path = Platforms/iPhoneOS.platform/Developer/SDKs/iPhoneOS11.3.sdk/System/Library/Frameworks/CFNetwork.framework; sourceTree = DEVELOPER_DIR; };
		C84D3072E73EEF43774C792C4217AAC3 /* URLConvertible+URLRequestConvertible.swift */ = {isa = PBXFileReference; includeInIndex = 1; lastKnownFileType = sourcecode.swift; name = "URLConvertible+URLRequestConvertible.swift"; path = "Source/URLConvertible+URLRequestConvertible.swift"; sourceTree = "<group>"; };
		C91A9C099736C724F8BA63CA46FC6D90 /* Pods-07-TaskScrapping-acknowledgements.plist */ = {isa = PBXFileReference; includeInIndex = 1; lastKnownFileType = text.plist.xml; path = "Pods-07-TaskScrapping-acknowledgements.plist"; sourceTree = "<group>"; };
		CB14707E9E06B19853BD76FF189812DA /* URLEncodedFormEncoder.swift */ = {isa = PBXFileReference; includeInIndex = 1; lastKnownFileType = sourcecode.swift; name = URLEncodedFormEncoder.swift; path = Source/URLEncodedFormEncoder.swift; sourceTree = "<group>"; };
		CFF98B7EDADB47C0FC57924E0B6A60B9 /* MultipartUpload.swift */ = {isa = PBXFileReference; includeInIndex = 1; lastKnownFileType = sourcecode.swift; name = MultipartUpload.swift; path = Source/MultipartUpload.swift; sourceTree = "<group>"; };
		D144AB8CECA54FE414AF564F2D0F159F /* ParameterEncoding.swift */ = {isa = PBXFileReference; includeInIndex = 1; lastKnownFileType = sourcecode.swift; name = ParameterEncoding.swift; path = Source/ParameterEncoding.swift; sourceTree = "<group>"; };
		D3757A6A7A064DD546D39E657023935E /* ResponseSerialization.swift */ = {isa = PBXFileReference; includeInIndex = 1; lastKnownFileType = sourcecode.swift; name = ResponseSerialization.swift; path = Source/ResponseSerialization.swift; sourceTree = "<group>"; };
		D7D2F49FA5F22A6488597601BAEA6AA1 /* Combine.swift */ = {isa = PBXFileReference; includeInIndex = 1; lastKnownFileType = sourcecode.swift; name = Combine.swift; path = Source/Combine.swift; sourceTree = "<group>"; };
		D99A74750D76C2E5FDF51EF3C8619FE9 /* RequestInterceptor.swift */ = {isa = PBXFileReference; includeInIndex = 1; lastKnownFileType = sourcecode.swift; name = RequestInterceptor.swift; path = Source/RequestInterceptor.swift; sourceTree = "<group>"; };
		DA200DE49F3A7778AC53E370C3122E4E /* Pods-07-TaskScrapping-acknowledgements.markdown */ = {isa = PBXFileReference; includeInIndex = 1; lastKnownFileType = text; path = "Pods-07-TaskScrapping-acknowledgements.markdown"; sourceTree = "<group>"; };
		DB8CBFCC3690CF4238EFB934A16B7E62 /* ServerTrustEvaluation.swift */ = {isa = PBXFileReference; includeInIndex = 1; lastKnownFileType = sourcecode.swift; name = ServerTrustEvaluation.swift; path = Source/ServerTrustEvaluation.swift; sourceTree = "<group>"; };
		EA8A4225EE647E1A7BD7E1556CA341C6 /* Validation.swift */ = {isa = PBXFileReference; includeInIndex = 1; lastKnownFileType = sourcecode.swift; name = Validation.swift; path = Source/Validation.swift; sourceTree = "<group>"; };
		F1386361894511160A2A2BA6DEDD1CE6 /* URLSessionConfiguration+Alamofire.swift */ = {isa = PBXFileReference; includeInIndex = 1; lastKnownFileType = sourcecode.swift; name = "URLSessionConfiguration+Alamofire.swift"; path = "Source/URLSessionConfiguration+Alamofire.swift"; sourceTree = "<group>"; };
		F21D026E22D14CC067C12D553B20479E /* Deprecated.swift */ = {isa = PBXFileReference; includeInIndex = 1; lastKnownFileType = sourcecode.swift; name = Deprecated.swift; path = Sources/Kanna/Deprecated.swift; sourceTree = "<group>"; };
		F49AAC04888BD385FB1E9AE4909D29A9 /* Alamofire-dummy.m */ = {isa = PBXFileReference; includeInIndex = 1; lastKnownFileType = sourcecode.c.objc; path = "Alamofire-dummy.m"; sourceTree = "<group>"; };
		F53A7133466D842F15744471778035F9 /* Info.plist */ = {isa = PBXFileReference; includeInIndex = 1; lastKnownFileType = text.plist.xml; path = Info.plist; sourceTree = "<group>"; };
		F9C1B64BC361968673F7B9E85D9323AE /* libxmlParserOption.swift */ = {isa = PBXFileReference; includeInIndex = 1; lastKnownFileType = sourcecode.swift; name = libxmlParserOption.swift; path = Sources/Kanna/libxmlParserOption.swift; sourceTree = "<group>"; };
		FA36A225389531559D5851EE6739DB74 /* Alamofire-prefix.pch */ = {isa = PBXFileReference; includeInIndex = 1; lastKnownFileType = sourcecode.c.h; path = "Alamofire-prefix.pch"; sourceTree = "<group>"; };
/* End PBXFileReference section */

/* Begin PBXFrameworksBuildPhase section */
		0A22E6F60E29070B51192251E223A083 /* Frameworks */ = {
			isa = PBXFrameworksBuildPhase;
			buildActionMask = 2147483647;
			files = (
				4890D42EB369AD225E52A006FB556BB5 /* Foundation.framework in Frameworks */,
			);
			runOnlyForDeploymentPostprocessing = 0;
		};
		26FCD7806D50A10788A83445EABD87D7 /* Frameworks */ = {
			isa = PBXFrameworksBuildPhase;
			buildActionMask = 2147483647;
			files = (
				D945CF051973CFC3BA973116D00CCEB6 /* Foundation.framework in Frameworks */,
			);
			runOnlyForDeploymentPostprocessing = 0;
		};
		B9C6E3B7A91D587B9498372AC349380E /* Frameworks */ = {
			isa = PBXFrameworksBuildPhase;
			buildActionMask = 2147483647;
			files = (
				CFFD6F174736DEA5A9433FAF2A992BEC /* CFNetwork.framework in Frameworks */,
				461EC8E8DF1D5F81C541498F1C866A0C /* Foundation.framework in Frameworks */,
			);
			runOnlyForDeploymentPostprocessing = 0;
		};
/* End PBXFrameworksBuildPhase section */

/* Begin PBXGroup section */
		096AADC2DCF64AB97101749E48AB333C /* Alamofire */ = {
			isa = PBXGroup;
			children = (
				31A1A05BE8E4C5F5C1FCD7B5435932A1 /* AFError.swift */,
				B17A6AB594515D8734769AA8943702D7 /* Alamofire.swift */,
				279C2E563E3A4EE766E2920C5FAE021E /* AlamofireExtended.swift */,
				687D285CE781C906CA19835F915FA1CC /* AuthenticationInterceptor.swift */,
				0994F6923ECA1F17D37E1BC3A1E3E374 /* CachedResponseHandler.swift */,
				D7D2F49FA5F22A6488597601BAEA6AA1 /* Combine.swift */,
				A8B806CCF9441493D64CADE18067750A /* DispatchQueue+Alamofire.swift */,
				35FDC0E570E57DD777975840F89E94DC /* EventMonitor.swift */,
				2FCF938EAE07D28687B1B0C732F39FC6 /* HTTPHeaders.swift */,
				56FB35C863174BB3884CF393C1B53696 /* HTTPMethod.swift */,
				8B6AAD2818F02748A8E5CC7A3D84E392 /* MultipartFormData.swift */,
				CFF98B7EDADB47C0FC57924E0B6A60B9 /* MultipartUpload.swift */,
				10B8618A8D701801E196934084A09104 /* NetworkReachabilityManager.swift */,
				8C578154717400A54B2D37A848EC1754 /* Notifications.swift */,
				0536910F297BF0AEC38A34E0AAD1C9C4 /* OperationQueue+Alamofire.swift */,
				B11E5B028BC833CDEEA5C0ED73FE7236 /* ParameterEncoder.swift */,
				D144AB8CECA54FE414AF564F2D0F159F /* ParameterEncoding.swift */,
				35D7402D98C7D4B9A903826580E8787E /* Protected.swift */,
				23FA88C0C7EBB93652444080485F3D7D /* RedirectHandler.swift */,
				867CC9E48A49CC10FDA5FC5394DEC815 /* Request.swift */,
				D99A74750D76C2E5FDF51EF3C8619FE9 /* RequestInterceptor.swift */,
				938AEF9A40C30BB3AAC42F7F413139E0 /* RequestTaskMap.swift */,
				350E2F009CF4F491B737D18C1991C30C /* Response.swift */,
				D3757A6A7A064DD546D39E657023935E /* ResponseSerialization.swift */,
				2E4D3A79E90E1A82C4EF8A13D48DF3AC /* Result+Alamofire.swift */,
				4204A03E478F479AF475C185B8314505 /* RetryPolicy.swift */,
				DB8CBFCC3690CF4238EFB934A16B7E62 /* ServerTrustEvaluation.swift */,
				411772A94C194C29E01381C5B773D860 /* Session.swift */,
				34BA689B0E70A67109B84CE80E561C9F /* SessionDelegate.swift */,
				C29DBF6BB8987BB43D495E6BC783741E /* StringEncoding+Alamofire.swift */,
				C84D3072E73EEF43774C792C4217AAC3 /* URLConvertible+URLRequestConvertible.swift */,
				CB14707E9E06B19853BD76FF189812DA /* URLEncodedFormEncoder.swift */,
				75E248DA36ABE616A815A3AA9847DF8E /* URLRequest+Alamofire.swift */,
				F1386361894511160A2A2BA6DEDD1CE6 /* URLSessionConfiguration+Alamofire.swift */,
				EA8A4225EE647E1A7BD7E1556CA341C6 /* Validation.swift */,
				2D78598F201EC9749B09D5F38BEBB96C /* Support Files */,
			);
			path = Alamofire;
			sourceTree = "<group>";
		};
		2D78598F201EC9749B09D5F38BEBB96C /* Support Files */ = {
			isa = PBXGroup;
			children = (
				4F4FC724BD0D9CAB41F1A4752A22E637 /* Alamofire.modulemap */,
				64E36D1767FECCF4B785F109C7665D1A /* Alamofire.xcconfig */,
				F49AAC04888BD385FB1E9AE4909D29A9 /* Alamofire-dummy.m */,
				FA36A225389531559D5851EE6739DB74 /* Alamofire-prefix.pch */,
				AA1A4C82601345C28524AC8D9D6EA563 /* Alamofire-umbrella.h */,
				89C7CE752012CBF5288191A34FB19CD2 /* Info.plist */,
			);
			name = "Support Files";
			path = "../Target Support Files/Alamofire";
			sourceTree = "<group>";
		};
		433CD3331B6C3787F473C941B61FC68F /* Frameworks */ = {
			isa = PBXGroup;
			children = (
				D52304B3F0670EE0236B3F34A532CB30 /* iOS */,
			);
			name = Frameworks;
			sourceTree = "<group>";
		};
		57AB799C49BCB680A1604F3F8F2055E6 /* Products */ = {
			isa = PBXGroup;
			children = (
				2F7943CA7EF9B4B071BBB20DDF0BBFE6 /* Alamofire.framework */,
				93D9756080E6D815DD3B66B7CBE01673 /* Kanna.framework */,
				B44925B12AF41CE119AE0E08B4EAE756 /* Pods_07_TaskScrapping.framework */,
			);
			name = Products;
			sourceTree = "<group>";
		};
		6A12A3099C3D75C7965A012D1C20CA1A /* Pods-07-TaskScrapping */ = {
			isa = PBXGroup;
			children = (
				F53A7133466D842F15744471778035F9 /* Info.plist */,
				373529150342DF45827E6BA8E12D5C0D /* Pods-07-TaskScrapping.modulemap */,
				DA200DE49F3A7778AC53E370C3122E4E /* Pods-07-TaskScrapping-acknowledgements.markdown */,
				C91A9C099736C724F8BA63CA46FC6D90 /* Pods-07-TaskScrapping-acknowledgements.plist */,
				255113BC8139C5C27A02003C0FE8EFD9 /* Pods-07-TaskScrapping-dummy.m */,
				B8A09128DA0C5B4DC5ABEFD915D417F8 /* Pods-07-TaskScrapping-frameworks.sh */,
				657359CDA2C6A42DEC20FED253C53378 /* Pods-07-TaskScrapping-resources.sh */,
				54D6AA0BB0319A89D6F71ACB48FBBDCB /* Pods-07-TaskScrapping-umbrella.h */,
				09243BFD94731CB2499D20A0B31AF71E /* Pods-07-TaskScrapping.debug.xcconfig */,
				1F8F0519300DC211BB5571C81BCAD987 /* Pods-07-TaskScrapping.release.xcconfig */,
			);
			name = "Pods-07-TaskScrapping";
			path = "Target Support Files/Pods-07-TaskScrapping";
			sourceTree = "<group>";
		};
		7432525E09EE09CAC4A4696B2544A922 /* Kanna */ = {
			isa = PBXGroup;
			children = (
				BD0E8D7A3C10BA66422AD689C024CBA4 /* CSS.swift */,
				F21D026E22D14CC067C12D553B20479E /* Deprecated.swift */,
				2E4BA39886BFC4FBF6666304E0DCB4FA /* Kanna.h */,
				A7D32C15B0B295F2A11616C29CE26B69 /* Kanna.swift */,
				29745939E4DA32E67580B18317A4B309 /* libxmlHTMLDocument.swift */,
				8D8A8F14A11F10B52A88529A6517679B /* libxmlHTMLNode.swift */,
				F9C1B64BC361968673F7B9E85D9323AE /* libxmlParserOption.swift */,
				CA6E931B7C0639C2DB4CD115C8621CA6 /* Support Files */,
			);
			path = Kanna;
			sourceTree = "<group>";
		};
		7DB346D0F39D3F0E887471402A8071AB = {
			isa = PBXGroup;
			children = (
				93A4A3777CF96A4AAC1D13BA6DCCEA73 /* Podfile */,
				433CD3331B6C3787F473C941B61FC68F /* Frameworks */,
				CB72EDCBDAAC24667FE28702C46389AD /* Pods */,
				57AB799C49BCB680A1604F3F8F2055E6 /* Products */,
				B1E9DD22A326905FA3826B2EE1214C27 /* Targets Support Files */,
			);
			sourceTree = "<group>";
		};
		B1E9DD22A326905FA3826B2EE1214C27 /* Targets Support Files */ = {
			isa = PBXGroup;
			children = (
				6A12A3099C3D75C7965A012D1C20CA1A /* Pods-07-TaskScrapping */,
			);
			name = "Targets Support Files";
			sourceTree = "<group>";
		};
		CA6E931B7C0639C2DB4CD115C8621CA6 /* Support Files */ = {
			isa = PBXGroup;
			children = (
				4A5A314E408482D51E8F8573BB1C3054 /* Info.plist */,
				9D68A899DDBE22A1E7FC26C54DA09729 /* Kanna.modulemap */,
				93D330ECA7CFAE56291BD1123B732424 /* Kanna.xcconfig */,
				65B142E0AEDC9B6B144F8885E3E4759A /* Kanna-dummy.m */,
				56A7E7C30A01F0CEBDDB2D28CBDA3014 /* Kanna-prefix.pch */,
				AF2668DCB610DF988DE2D2F714ECA0B9 /* Kanna-umbrella.h */,
			);
			name = "Support Files";
			path = "../Target Support Files/Kanna";
			sourceTree = "<group>";
		};
		CB72EDCBDAAC24667FE28702C46389AD /* Pods */ = {
			isa = PBXGroup;
			children = (
				096AADC2DCF64AB97101749E48AB333C /* Alamofire */,
				7432525E09EE09CAC4A4696B2544A922 /* Kanna */,
			);
			name = Pods;
			sourceTree = "<group>";
		};
		D52304B3F0670EE0236B3F34A532CB30 /* iOS */ = {
			isa = PBXGroup;
			children = (
				C6757C44D1A8B62FD3A7062E345EA7F6 /* CFNetwork.framework */,
				89DC365FEF314CAE9760892B813E187E /* Foundation.framework */,
			);
			name = iOS;
			sourceTree = "<group>";
		};
/* End PBXGroup section */

/* Begin PBXHeadersBuildPhase section */
		03746546494E3152D2020D516EEB9EF2 /* Headers */ = {
			isa = PBXHeadersBuildPhase;
			buildActionMask = 2147483647;
			files = (
				958603139AA7BC0E80A2A604523087D3 /* Kanna-umbrella.h in Headers */,
				5068CB30342CE1B889BC8919C369FDFC /* Kanna.h in Headers */,
			);
			runOnlyForDeploymentPostprocessing = 0;
		};
		58EB37A683100BA78276846922BC35A7 /* Headers */ = {
			isa = PBXHeadersBuildPhase;
			buildActionMask = 2147483647;
			files = (
				C55B820FB6EB8114291A1876620408B9 /* Pods-07-TaskScrapping-umbrella.h in Headers */,
			);
			runOnlyForDeploymentPostprocessing = 0;
		};
		E193A0FB8DA5E60DFF17E9FC200549B9 /* Headers */ = {
			isa = PBXHeadersBuildPhase;
			buildActionMask = 2147483647;
			files = (
				30D5B0D5D9AAAE3DF292D94C7DBCB794 /* Alamofire-umbrella.h in Headers */,
			);
			runOnlyForDeploymentPostprocessing = 0;
		};
/* End PBXHeadersBuildPhase section */

/* Begin PBXNativeTarget section */
		0BC61B84704CCA075D4E4510C95FDC16 /* Alamofire */ = {
			isa = PBXNativeTarget;
			buildConfigurationList = 228590D89D04130F45244AA212FD97CD /* Build configuration list for PBXNativeTarget "Alamofire" */;
			buildPhases = (
				5F901CCC49D8F43D3F4656381D9EFDF8 /* Sources */,
				B9C6E3B7A91D587B9498372AC349380E /* Frameworks */,
				E193A0FB8DA5E60DFF17E9FC200549B9 /* Headers */,
			);
			buildRules = (
			);
			dependencies = (
			);
			name = Alamofire;
			productName = Alamofire;
			productReference = 2F7943CA7EF9B4B071BBB20DDF0BBFE6 /* Alamofire.framework */;
			productType = "com.apple.product-type.framework";
		};
		25622BDCA24151D7C101C916DCD4C64D /* Kanna */ = {
			isa = PBXNativeTarget;
			buildConfigurationList = 7AB44AF8BAEE9AAA4A1F43C81EA08FFD /* Build configuration list for PBXNativeTarget "Kanna" */;
			buildPhases = (
				9F9A2408D6A4A54982BF17E59FBC36C4 /* Sources */,
				0A22E6F60E29070B51192251E223A083 /* Frameworks */,
				03746546494E3152D2020D516EEB9EF2 /* Headers */,
			);
			buildRules = (
			);
			dependencies = (
			);
			name = Kanna;
			productName = Kanna;
			productReference = 93D9756080E6D815DD3B66B7CBE01673 /* Kanna.framework */;
			productType = "com.apple.product-type.framework";
		};
		C0A14E713A791DB331BD51B71188F43B /* Pods-07-TaskScrapping */ = {
			isa = PBXNativeTarget;
			buildConfigurationList = 182E98E92E6128C98CE1D4D7F49AC005 /* Build configuration list for PBXNativeTarget "Pods-07-TaskScrapping" */;
			buildPhases = (
				DE83FCBE3D2A1A12E2468B42BAF29DB3 /* Sources */,
				26FCD7806D50A10788A83445EABD87D7 /* Frameworks */,
				58EB37A683100BA78276846922BC35A7 /* Headers */,
			);
			buildRules = (
			);
			dependencies = (
				BCB9FB166665AFE2D3AD7727D5DE5E67 /* PBXTargetDependency */,
				1B41BEA61141991F09F01EF87A04AF24 /* PBXTargetDependency */,
			);
			name = "Pods-07-TaskScrapping";
			productName = "Pods-07-TaskScrapping";
			productReference = B44925B12AF41CE119AE0E08B4EAE756 /* Pods_07_TaskScrapping.framework */;
			productType = "com.apple.product-type.framework";
		};
/* End PBXNativeTarget section */

/* Begin PBXProject section */
		D41D8CD98F00B204E9800998ECF8427E /* Project object */ = {
			isa = PBXProject;
			attributes = {
				LastSwiftUpdateCheck = 0930;
				LastUpgradeCheck = 1200;
			};
			buildConfigurationList = 2D8E8EC45A3A1A1D94AE762CB5028504 /* Build configuration list for PBXProject "Pods" */;
			compatibilityVersion = "Xcode 3.2";
			developmentRegion = en;
			hasScannedForEncodings = 0;
			knownRegions = (
				en,
				Base,
			);
			mainGroup = 7DB346D0F39D3F0E887471402A8071AB;
			productRefGroup = 57AB799C49BCB680A1604F3F8F2055E6 /* Products */;
			projectDirPath = "";
			projectRoot = "";
			targets = (
				0BC61B84704CCA075D4E4510C95FDC16 /* Alamofire */,
				25622BDCA24151D7C101C916DCD4C64D /* Kanna */,
				C0A14E713A791DB331BD51B71188F43B /* Pods-07-TaskScrapping */,
			);
		};
/* End PBXProject section */

/* Begin PBXSourcesBuildPhase section */
		5F901CCC49D8F43D3F4656381D9EFDF8 /* Sources */ = {
			isa = PBXSourcesBuildPhase;
			buildActionMask = 2147483647;
			files = (
				4B1B2FDD254CFD6B68EF628CF3244694 /* AFError.swift in Sources */,
				DD9DBD24CD8153269CA9EF6ECDBADE7D /* Alamofire-dummy.m in Sources */,
				F990A75B37417CE8B5F27054B2F1727F /* Alamofire.swift in Sources */,
				5E5FA0DEAA11DBA3C49FB4EB05D59514 /* AlamofireExtended.swift in Sources */,
				F50ABEB8587353BB6A1507EEEBA95052 /* AuthenticationInterceptor.swift in Sources */,
				8FFE42F4C91BD866ABF83CEC10433839 /* CachedResponseHandler.swift in Sources */,
				292B6A00B4AB38D2E722633A8DFEB146 /* Combine.swift in Sources */,
				4187B5CBFF3CCA1EE8572757A9D0B556 /* DispatchQueue+Alamofire.swift in Sources */,
				DA0930639C2EDCF4EE4EDD20546A52BA /* EventMonitor.swift in Sources */,
				55F0A1ADFC4B9CFF5EB781EF3CBFC4AD /* HTTPHeaders.swift in Sources */,
				A85A7FC90F2502E2F7DE6DD9028D96F7 /* HTTPMethod.swift in Sources */,
				5ED43890B318C3637D20F3733888C9D5 /* MultipartFormData.swift in Sources */,
				DF00A4FB0A2986C377C08D9A24D81658 /* MultipartUpload.swift in Sources */,
				C702E5A6E7DC6F8A99AE21ACD99493FA /* NetworkReachabilityManager.swift in Sources */,
				5522176D690372437D03B790EBD5AAD9 /* Notifications.swift in Sources */,
				C9E240A623C2A63C5C45F45E40EBE3E7 /* OperationQueue+Alamofire.swift in Sources */,
				19A3A2BE78E4C309207B447210F88656 /* ParameterEncoder.swift in Sources */,
				F08A0B2088A8FAFF3B41119FEE3A09D0 /* ParameterEncoding.swift in Sources */,
				DC694D90333676AF2BD9F68132D9E694 /* Protected.swift in Sources */,
				8F0E80031A7D6EA7482E7D905F4D9FB9 /* RedirectHandler.swift in Sources */,
				8C1EFC3F916F54DDDC8D955EC3787DF6 /* Request.swift in Sources */,
				4CFEE61191CD73C3D67F57D4B3823763 /* RequestInterceptor.swift in Sources */,
				37EB8DC68B2F0B4061B8B21CAEA0CC92 /* RequestTaskMap.swift in Sources */,
				F5FDE26E8E44A2AEFD3BB31E386B0C96 /* Response.swift in Sources */,
				60516F32A790055E89DB6E815B6E5F7B /* ResponseSerialization.swift in Sources */,
				14764A66B3EB07C08B9137E839A6C7D8 /* Result+Alamofire.swift in Sources */,
				F675357A1EDE71A4A1345FBFC4E85D50 /* RetryPolicy.swift in Sources */,
				0E68F01198AC92D138AFD90E3F5042B7 /* ServerTrustEvaluation.swift in Sources */,
				FBB5FD64AD82E1E9A54E695AECD6EBF0 /* Session.swift in Sources */,
				9B1F509DB9DCE8C251E464F6D5D6FC9F /* SessionDelegate.swift in Sources */,
				A159B6EA68C09E635C95A42A770D2B73 /* StringEncoding+Alamofire.swift in Sources */,
				CD94C46D93FF984FDDC92B826F25678B /* URLConvertible+URLRequestConvertible.swift in Sources */,
				427F9770832D44537A9C909DCE023CBC /* URLEncodedFormEncoder.swift in Sources */,
				358364178B46D1C7AEC04E317AFFFE0C /* URLRequest+Alamofire.swift in Sources */,
				B92742526E4F6AAA4B7F8298E1D63337 /* URLSessionConfiguration+Alamofire.swift in Sources */,
				10DD390411FFA0651ACA97E01036553E /* Validation.swift in Sources */,
			);
			runOnlyForDeploymentPostprocessing = 0;
		};
		9F9A2408D6A4A54982BF17E59FBC36C4 /* Sources */ = {
			isa = PBXSourcesBuildPhase;
			buildActionMask = 2147483647;
			files = (
				9D1E8FD7EC7AA80A5D70EDAECB07D18D /* CSS.swift in Sources */,
				5EFF980ECF83838DBC0B9D6D06ED0F22 /* Deprecated.swift in Sources */,
				7E43581A570B0BFBEB695C0A1BD53D03 /* Kanna-dummy.m in Sources */,
				2627A1CC3A68ECEAD24E31D38EE0E9CD /* Kanna.swift in Sources */,
				3FC0E6BF09A9AF5BA5E033F07D6BEB8F /* libxmlHTMLDocument.swift in Sources */,
				9CC447445BCDEE1FB47BF9D726736A76 /* libxmlHTMLNode.swift in Sources */,
				1BFABFC73768C92BC0BF0DFC90A4864C /* libxmlParserOption.swift in Sources */,
			);
			runOnlyForDeploymentPostprocessing = 0;
		};
		DE83FCBE3D2A1A12E2468B42BAF29DB3 /* Sources */ = {
			isa = PBXSourcesBuildPhase;
			buildActionMask = 2147483647;
			files = (
				0DC26C0FAEAD21F83061CFE4CE7DBADD /* Pods-07-TaskScrapping-dummy.m in Sources */,
			);
			runOnlyForDeploymentPostprocessing = 0;
		};
/* End PBXSourcesBuildPhase section */

/* Begin PBXTargetDependency section */
		1B41BEA61141991F09F01EF87A04AF24 /* PBXTargetDependency */ = {
			isa = PBXTargetDependency;
			name = Kanna;
			target = 25622BDCA24151D7C101C916DCD4C64D /* Kanna */;
			targetProxy = FED047CDB5AEB2DE50D049396CACAD3C /* PBXContainerItemProxy */;
		};
		BCB9FB166665AFE2D3AD7727D5DE5E67 /* PBXTargetDependency */ = {
			isa = PBXTargetDependency;
			name = Alamofire;
			target = 0BC61B84704CCA075D4E4510C95FDC16 /* Alamofire */;
			targetProxy = 9A165F2C91A9D28C903CDAE01887B6A2 /* PBXContainerItemProxy */;
		};
/* End PBXTargetDependency section */

/* Begin XCBuildConfiguration section */
		290E50E683822205A46B70DB22969E68 /* Release */ = {
			isa = XCBuildConfiguration;
			baseConfigurationReference = 93D330ECA7CFAE56291BD1123B732424 /* Kanna.xcconfig */;
			buildSettings = {
				CODE_SIGN_IDENTITY = "";
				"CODE_SIGN_IDENTITY[sdk=appletvos*]" = "";
				"CODE_SIGN_IDENTITY[sdk=iphoneos*]" = "";
				"CODE_SIGN_IDENTITY[sdk=watchos*]" = "";
				CURRENT_PROJECT_VERSION = 1;
				DEFINES_MODULE = YES;
				DYLIB_COMPATIBILITY_VERSION = 1;
				DYLIB_CURRENT_VERSION = 1;
				DYLIB_INSTALL_NAME_BASE = "@rpath";
				GCC_PREFIX_HEADER = "Target Support Files/Kanna/Kanna-prefix.pch";
				INFOPLIST_FILE = "Target Support Files/Kanna/Info.plist";
				INSTALL_PATH = "$(LOCAL_LIBRARY_DIR)/Frameworks";
				IPHONEOS_DEPLOYMENT_TARGET = 12.0;
				LD_RUNPATH_SEARCH_PATHS = "$(inherited) @executable_path/Frameworks @loader_path/Frameworks";
				MODULEMAP_FILE = "Target Support Files/Kanna/Kanna.modulemap";
				PRODUCT_MODULE_NAME = Kanna;
				PRODUCT_NAME = Kanna;
				SDKROOT = iphoneos;
				SKIP_INSTALL = YES;
				SWIFT_ACTIVE_COMPILATION_CONDITIONS = "$(inherited) ";
				SWIFT_OPTIMIZATION_LEVEL = "-Owholemodule";
				SWIFT_VERSION = 5.2;
				TARGETED_DEVICE_FAMILY = "1,2";
				VALIDATE_PRODUCT = YES;
				VERSIONING_SYSTEM = "apple-generic";
				VERSION_INFO_PREFIX = "";
			};
			name = Release;
		};
		32328614E0E1030AD084AAE838FBE24A /* Debug */ = {
			isa = XCBuildConfiguration;
			baseConfigurationReference = 93D330ECA7CFAE56291BD1123B732424 /* Kanna.xcconfig */;
			buildSettings = {
				CODE_SIGN_IDENTITY = "";
				"CODE_SIGN_IDENTITY[sdk=appletvos*]" = "";
				"CODE_SIGN_IDENTITY[sdk=iphoneos*]" = "";
				"CODE_SIGN_IDENTITY[sdk=watchos*]" = "";
				CURRENT_PROJECT_VERSION = 1;
				DEFINES_MODULE = YES;
				DYLIB_COMPATIBILITY_VERSION = 1;
				DYLIB_CURRENT_VERSION = 1;
				DYLIB_INSTALL_NAME_BASE = "@rpath";
				GCC_PREFIX_HEADER = "Target Support Files/Kanna/Kanna-prefix.pch";
				INFOPLIST_FILE = "Target Support Files/Kanna/Info.plist";
				INSTALL_PATH = "$(LOCAL_LIBRARY_DIR)/Frameworks";
				IPHONEOS_DEPLOYMENT_TARGET = 12.0;
				LD_RUNPATH_SEARCH_PATHS = "$(inherited) @executable_path/Frameworks @loader_path/Frameworks";
				MODULEMAP_FILE = "Target Support Files/Kanna/Kanna.modulemap";
				PRODUCT_MODULE_NAME = Kanna;
				PRODUCT_NAME = Kanna;
				SDKROOT = iphoneos;
				SKIP_INSTALL = YES;
				SWIFT_ACTIVE_COMPILATION_CONDITIONS = "$(inherited) ";
				SWIFT_OPTIMIZATION_LEVEL = "-Onone";
				SWIFT_VERSION = 5.2;
				TARGETED_DEVICE_FAMILY = "1,2";
				VERSIONING_SYSTEM = "apple-generic";
				VERSION_INFO_PREFIX = "";
			};
			name = Debug;
		};
		54BB0297EAE95AE32D153F3D17886E96 /* Debug */ = {
			isa = XCBuildConfiguration;
			baseConfigurationReference = 09243BFD94731CB2499D20A0B31AF71E /* Pods-07-TaskScrapping.debug.xcconfig */;
			buildSettings = {
				ALWAYS_EMBED_SWIFT_STANDARD_LIBRARIES = NO;
				CLANG_ENABLE_OBJC_WEAK = NO;
				CODE_SIGN_IDENTITY = "";
				"CODE_SIGN_IDENTITY[sdk=appletvos*]" = "";
				"CODE_SIGN_IDENTITY[sdk=iphoneos*]" = "";
				"CODE_SIGN_IDENTITY[sdk=watchos*]" = "";
				CURRENT_PROJECT_VERSION = 1;
				DEFINES_MODULE = YES;
				DYLIB_COMPATIBILITY_VERSION = 1;
				DYLIB_CURRENT_VERSION = 1;
				DYLIB_INSTALL_NAME_BASE = "@rpath";
				INFOPLIST_FILE = "Target Support Files/Pods-07-TaskScrapping/Info.plist";
				INSTALL_PATH = "$(LOCAL_LIBRARY_DIR)/Frameworks";
				IPHONEOS_DEPLOYMENT_TARGET = 13.7;
				LD_RUNPATH_SEARCH_PATHS = "$(inherited) @executable_path/Frameworks @loader_path/Frameworks";
				MACH_O_TYPE = staticlib;
				MODULEMAP_FILE = "Target Support Files/Pods-07-TaskScrapping/Pods-07-TaskScrapping.modulemap";
				OTHER_LDFLAGS = "";
				OTHER_LIBTOOLFLAGS = "";
				PODS_ROOT = "$(SRCROOT)";
				PRODUCT_BUNDLE_IDENTIFIER = "org.cocoapods.${PRODUCT_NAME:rfc1034identifier}";
				PRODUCT_NAME = "$(TARGET_NAME:c99extidentifier)";
				SDKROOT = iphoneos;
				SKIP_INSTALL = YES;
				SWIFT_ACTIVE_COMPILATION_CONDITIONS = DEBUG;
				SWIFT_OPTIMIZATION_LEVEL = "-Onone";
				TARGETED_DEVICE_FAMILY = "1,2";
				VERSIONING_SYSTEM = "apple-generic";
				VERSION_INFO_PREFIX = "";
			};
			name = Debug;
		};
		88738F0E714CE6A1999B9CA543CFEB14 /* Debug */ = {
			isa = XCBuildConfiguration;
			buildSettings = {
				ALWAYS_SEARCH_USER_PATHS = NO;
				CLANG_ANALYZER_LOCALIZABILITY_NONLOCALIZED = YES;
				CLANG_ANALYZER_NONNULL = YES;
				CLANG_ANALYZER_NUMBER_OBJECT_CONVERSION = YES_AGGRESSIVE;
				CLANG_CXX_LANGUAGE_STANDARD = "gnu++14";
				CLANG_CXX_LIBRARY = "libc++";
				CLANG_ENABLE_MODULES = YES;
				CLANG_ENABLE_OBJC_ARC = YES;
				CLANG_ENABLE_OBJC_WEAK = YES;
				CLANG_WARN_BLOCK_CAPTURE_AUTORELEASING = YES;
				CLANG_WARN_BOOL_CONVERSION = YES;
				CLANG_WARN_COMMA = YES;
				CLANG_WARN_CONSTANT_CONVERSION = YES;
				CLANG_WARN_DEPRECATED_OBJC_IMPLEMENTATIONS = YES;
				CLANG_WARN_DIRECT_OBJC_ISA_USAGE = YES_ERROR;
				CLANG_WARN_DOCUMENTATION_COMMENTS = YES;
				CLANG_WARN_EMPTY_BODY = YES;
				CLANG_WARN_ENUM_CONVERSION = YES;
				CLANG_WARN_INFINITE_RECURSION = YES;
				CLANG_WARN_INT_CONVERSION = YES;
				CLANG_WARN_NON_LITERAL_NULL_CONVERSION = YES;
				CLANG_WARN_OBJC_IMPLICIT_RETAIN_SELF = YES;
				CLANG_WARN_OBJC_LITERAL_CONVERSION = YES;
				CLANG_WARN_OBJC_ROOT_CLASS = YES_ERROR;
				CLANG_WARN_QUOTED_INCLUDE_IN_FRAMEWORK_HEADER = YES;
				CLANG_WARN_RANGE_LOOP_ANALYSIS = YES;
				CLANG_WARN_STRICT_PROTOTYPES = YES;
				CLANG_WARN_SUSPICIOUS_MOVE = YES;
				CLANG_WARN_UNGUARDED_AVAILABILITY = YES_AGGRESSIVE;
				CLANG_WARN_UNREACHABLE_CODE = YES;
				CLANG_WARN__DUPLICATE_METHOD_MATCH = YES;
				CODE_SIGNING_ALLOWED = NO;
				CODE_SIGNING_REQUIRED = NO;
				COPY_PHASE_STRIP = NO;
				DEBUG_INFORMATION_FORMAT = dwarf;
				ENABLE_STRICT_OBJC_MSGSEND = YES;
				ENABLE_TESTABILITY = YES;
				GCC_C_LANGUAGE_STANDARD = gnu11;
				GCC_DYNAMIC_NO_PIC = NO;
				GCC_NO_COMMON_BLOCKS = YES;
				GCC_OPTIMIZATION_LEVEL = 0;
				GCC_PREPROCESSOR_DEFINITIONS = (
					"POD_CONFIGURATION_DEBUG=1",
					"DEBUG=1",
					"$(inherited)",
				);
				GCC_WARN_64_TO_32_BIT_CONVERSION = YES;
				GCC_WARN_ABOUT_RETURN_TYPE = YES_ERROR;
				GCC_WARN_UNDECLARED_SELECTOR = YES;
				GCC_WARN_UNINITIALIZED_AUTOS = YES_AGGRESSIVE;
				GCC_WARN_UNUSED_FUNCTION = YES;
				GCC_WARN_UNUSED_VARIABLE = YES;
				IPHONEOS_DEPLOYMENT_TARGET = 13.7;
				MTL_ENABLE_DEBUG_INFO = YES;
				ONLY_ACTIVE_ARCH = YES;
				PRODUCT_NAME = "$(TARGET_NAME)";
				STRIP_INSTALLED_PRODUCT = NO;
				SWIFT_ACTIVE_COMPILATION_CONDITIONS = DEBUG;
				SYMROOT = "${SRCROOT}/../build";
			};
			name = Debug;
		};
		9B4F676E7D02D4FF6903D4C0F6378577 /* Release */ = {
			isa = XCBuildConfiguration;
			baseConfigurationReference = 1F8F0519300DC211BB5571C81BCAD987 /* Pods-07-TaskScrapping.release.xcconfig */;
			buildSettings = {
				ALWAYS_EMBED_SWIFT_STANDARD_LIBRARIES = NO;
				CLANG_ENABLE_OBJC_WEAK = NO;
				CODE_SIGN_IDENTITY = "";
				"CODE_SIGN_IDENTITY[sdk=appletvos*]" = "";
				"CODE_SIGN_IDENTITY[sdk=iphoneos*]" = "";
				"CODE_SIGN_IDENTITY[sdk=watchos*]" = "";
				CURRENT_PROJECT_VERSION = 1;
				DEFINES_MODULE = YES;
				DYLIB_COMPATIBILITY_VERSION = 1;
				DYLIB_CURRENT_VERSION = 1;
				DYLIB_INSTALL_NAME_BASE = "@rpath";
				INFOPLIST_FILE = "Target Support Files/Pods-07-TaskScrapping/Info.plist";
				INSTALL_PATH = "$(LOCAL_LIBRARY_DIR)/Frameworks";
				IPHONEOS_DEPLOYMENT_TARGET = 13.7;
				LD_RUNPATH_SEARCH_PATHS = "$(inherited) @executable_path/Frameworks @loader_path/Frameworks";
				MACH_O_TYPE = staticlib;
				MODULEMAP_FILE = "Target Support Files/Pods-07-TaskScrapping/Pods-07-TaskScrapping.modulemap";
				OTHER_LDFLAGS = "";
				OTHER_LIBTOOLFLAGS = "";
				PODS_ROOT = "$(SRCROOT)";
				PRODUCT_BUNDLE_IDENTIFIER = "org.cocoapods.${PRODUCT_NAME:rfc1034identifier}";
				PRODUCT_NAME = "$(TARGET_NAME:c99extidentifier)";
				SDKROOT = iphoneos;
				SKIP_INSTALL = YES;
				SWIFT_OPTIMIZATION_LEVEL = "-Owholemodule";
				TARGETED_DEVICE_FAMILY = "1,2";
				VALIDATE_PRODUCT = YES;
				VERSIONING_SYSTEM = "apple-generic";
				VERSION_INFO_PREFIX = "";
			};
			name = Release;
		};
		AF182E5C91C378FFF8A5E46D70AFA8D9 /* Debug */ = {
			isa = XCBuildConfiguration;
			baseConfigurationReference = 64E36D1767FECCF4B785F109C7665D1A /* Alamofire.xcconfig */;
			buildSettings = {
				CLANG_ENABLE_OBJC_WEAK = NO;
				CODE_SIGN_IDENTITY = "";
				"CODE_SIGN_IDENTITY[sdk=appletvos*]" = "";
				"CODE_SIGN_IDENTITY[sdk=iphoneos*]" = "";
				"CODE_SIGN_IDENTITY[sdk=watchos*]" = "";
				CURRENT_PROJECT_VERSION = 1;
				DEFINES_MODULE = YES;
				DYLIB_COMPATIBILITY_VERSION = 1;
				DYLIB_CURRENT_VERSION = 1;
				DYLIB_INSTALL_NAME_BASE = "@rpath";
				GCC_PREFIX_HEADER = "Target Support Files/Alamofire/Alamofire-prefix.pch";
				INFOPLIST_FILE = "Target Support Files/Alamofire/Info.plist";
				INSTALL_PATH = "$(LOCAL_LIBRARY_DIR)/Frameworks";
				IPHONEOS_DEPLOYMENT_TARGET = 12.0;
				LD_RUNPATH_SEARCH_PATHS = "$(inherited) @executable_path/Frameworks @loader_path/Frameworks";
				MODULEMAP_FILE = "Target Support Files/Alamofire/Alamofire.modulemap";
				PRODUCT_MODULE_NAME = Alamofire;
				PRODUCT_NAME = Alamofire;
				SDKROOT = iphoneos;
				SKIP_INSTALL = YES;
				SWIFT_ACTIVE_COMPILATION_CONDITIONS = "$(inherited) ";
				SWIFT_OPTIMIZATION_LEVEL = "-Onone";
				SWIFT_VERSION = 5.2;
				TARGETED_DEVICE_FAMILY = "1,2";
				VERSIONING_SYSTEM = "apple-generic";
				VERSION_INFO_PREFIX = "";
			};
			name = Debug;
		};
		B1DE7358277DBFCCF55462B3448EE648 /* Release */ = {
			isa = XCBuildConfiguration;
			baseConfigurationReference = 64E36D1767FECCF4B785F109C7665D1A /* Alamofire.xcconfig */;
			buildSettings = {
				CLANG_ENABLE_OBJC_WEAK = NO;
				CODE_SIGN_IDENTITY = "";
				"CODE_SIGN_IDENTITY[sdk=appletvos*]" = "";
				"CODE_SIGN_IDENTITY[sdk=iphoneos*]" = "";
				"CODE_SIGN_IDENTITY[sdk=watchos*]" = "";
				CURRENT_PROJECT_VERSION = 1;
				DEFINES_MODULE = YES;
				DYLIB_COMPATIBILITY_VERSION = 1;
				DYLIB_CURRENT_VERSION = 1;
				DYLIB_INSTALL_NAME_BASE = "@rpath";
				GCC_PREFIX_HEADER = "Target Support Files/Alamofire/Alamofire-prefix.pch";
				INFOPLIST_FILE = "Target Support Files/Alamofire/Info.plist";
				INSTALL_PATH = "$(LOCAL_LIBRARY_DIR)/Frameworks";
				IPHONEOS_DEPLOYMENT_TARGET = 12.0;
				LD_RUNPATH_SEARCH_PATHS = "$(inherited) @executable_path/Frameworks @loader_path/Frameworks";
				MODULEMAP_FILE = "Target Support Files/Alamofire/Alamofire.modulemap";
				PRODUCT_MODULE_NAME = Alamofire;
				PRODUCT_NAME = Alamofire;
				SDKROOT = iphoneos;
				SKIP_INSTALL = YES;
				SWIFT_ACTIVE_COMPILATION_CONDITIONS = "$(inherited) ";
				SWIFT_OPTIMIZATION_LEVEL = "-Owholemodule";
				SWIFT_VERSION = 5.2;
				TARGETED_DEVICE_FAMILY = "1,2";
				VALIDATE_PRODUCT = YES;
				VERSIONING_SYSTEM = "apple-generic";
				VERSION_INFO_PREFIX = "";
			};
			name = Release;
		};
		C43F20CA508701B9211B2E0F67C49E5E /* Release */ = {
			isa = XCBuildConfiguration;
			buildSettings = {
				ALWAYS_SEARCH_USER_PATHS = NO;
				CLANG_ANALYZER_LOCALIZABILITY_NONLOCALIZED = YES;
				CLANG_ANALYZER_NONNULL = YES;
				CLANG_ANALYZER_NUMBER_OBJECT_CONVERSION = YES_AGGRESSIVE;
				CLANG_CXX_LANGUAGE_STANDARD = "gnu++14";
				CLANG_CXX_LIBRARY = "libc++";
				CLANG_ENABLE_MODULES = YES;
				CLANG_ENABLE_OBJC_ARC = YES;
				CLANG_ENABLE_OBJC_WEAK = YES;
				CLANG_WARN_BLOCK_CAPTURE_AUTORELEASING = YES;
				CLANG_WARN_BOOL_CONVERSION = YES;
				CLANG_WARN_COMMA = YES;
				CLANG_WARN_CONSTANT_CONVERSION = YES;
				CLANG_WARN_DEPRECATED_OBJC_IMPLEMENTATIONS = YES;
				CLANG_WARN_DIRECT_OBJC_ISA_USAGE = YES_ERROR;
				CLANG_WARN_DOCUMENTATION_COMMENTS = YES;
				CLANG_WARN_EMPTY_BODY = YES;
				CLANG_WARN_ENUM_CONVERSION = YES;
				CLANG_WARN_INFINITE_RECURSION = YES;
				CLANG_WARN_INT_CONVERSION = YES;
				CLANG_WARN_NON_LITERAL_NULL_CONVERSION = YES;
				CLANG_WARN_OBJC_IMPLICIT_RETAIN_SELF = YES;
				CLANG_WARN_OBJC_LITERAL_CONVERSION = YES;
				CLANG_WARN_OBJC_ROOT_CLASS = YES_ERROR;
				CLANG_WARN_QUOTED_INCLUDE_IN_FRAMEWORK_HEADER = YES;
				CLANG_WARN_RANGE_LOOP_ANALYSIS = YES;
				CLANG_WARN_STRICT_PROTOTYPES = YES;
				CLANG_WARN_SUSPICIOUS_MOVE = YES;
				CLANG_WARN_UNGUARDED_AVAILABILITY = YES_AGGRESSIVE;
				CLANG_WARN_UNREACHABLE_CODE = YES;
				CLANG_WARN__DUPLICATE_METHOD_MATCH = YES;
				CODE_SIGNING_ALLOWED = NO;
				CODE_SIGNING_REQUIRED = NO;
				COPY_PHASE_STRIP = NO;
				DEBUG_INFORMATION_FORMAT = "dwarf-with-dsym";
				ENABLE_NS_ASSERTIONS = NO;
				ENABLE_STRICT_OBJC_MSGSEND = YES;
				GCC_C_LANGUAGE_STANDARD = gnu11;
				GCC_NO_COMMON_BLOCKS = YES;
				GCC_PREPROCESSOR_DEFINITIONS = (
					"POD_CONFIGURATION_RELEASE=1",
					"$(inherited)",
				);
				GCC_WARN_64_TO_32_BIT_CONVERSION = YES;
				GCC_WARN_ABOUT_RETURN_TYPE = YES_ERROR;
				GCC_WARN_UNDECLARED_SELECTOR = YES;
				GCC_WARN_UNINITIALIZED_AUTOS = YES_AGGRESSIVE;
				GCC_WARN_UNUSED_FUNCTION = YES;
				GCC_WARN_UNUSED_VARIABLE = YES;
				IPHONEOS_DEPLOYMENT_TARGET = 13.7;
				MTL_ENABLE_DEBUG_INFO = NO;
				PRODUCT_NAME = "$(TARGET_NAME)";
				STRIP_INSTALLED_PRODUCT = NO;
				SWIFT_COMPILATION_MODE = wholemodule;
				SYMROOT = "${SRCROOT}/../build";
			};
			name = Release;
		};
/* End XCBuildConfiguration section */

/* Begin XCConfigurationList section */
		182E98E92E6128C98CE1D4D7F49AC005 /* Build configuration list for PBXNativeTarget "Pods-07-TaskScrapping" */ = {
			isa = XCConfigurationList;
			buildConfigurations = (
				54BB0297EAE95AE32D153F3D17886E96 /* Debug */,
				9B4F676E7D02D4FF6903D4C0F6378577 /* Release */,
			);
			defaultConfigurationIsVisible = 0;
			defaultConfigurationName = Release;
		};
		228590D89D04130F45244AA212FD97CD /* Build configuration list for PBXNativeTarget "Alamofire" */ = {
			isa = XCConfigurationList;
			buildConfigurations = (
				AF182E5C91C378FFF8A5E46D70AFA8D9 /* Debug */,
				B1DE7358277DBFCCF55462B3448EE648 /* Release */,
			);
			defaultConfigurationIsVisible = 0;
			defaultConfigurationName = Release;
		};
		2D8E8EC45A3A1A1D94AE762CB5028504 /* Build configuration list for PBXProject "Pods" */ = {
			isa = XCConfigurationList;
			buildConfigurations = (
				88738F0E714CE6A1999B9CA543CFEB14 /* Debug */,
				C43F20CA508701B9211B2E0F67C49E5E /* Release */,
			);
			defaultConfigurationIsVisible = 0;
			defaultConfigurationName = Release;
		};
		7AB44AF8BAEE9AAA4A1F43C81EA08FFD /* Build configuration list for PBXNativeTarget "Kanna" */ = {
			isa = XCConfigurationList;
			buildConfigurations = (
				32328614E0E1030AD084AAE838FBE24A /* Debug */,
				290E50E683822205A46B70DB22969E68 /* Release */,
			);
			defaultConfigurationIsVisible = 0;
			defaultConfigurationName = Release;
		};
/* End XCConfigurationList section */
	};
	rootObject = D41D8CD98F00B204E9800998ECF8427E /* Project object */;
}
