// !$*UTF8*$!
{
	archiveVersion = 1;
	classes = {
	};
	objectVersion = 50;
	objects = {

/* Begin PBXBuildFile section */
		755EFC7924EDA02300A5AB48 /* AppDelegate.swift in Sources */ = {isa = PBXBuildFile; fileRef = 755EFC7824EDA02300A5AB48 /* AppDelegate.swift */; };
		755EFC7B24EDA02300A5AB48 /* SceneDelegate.swift in Sources */ = {isa = PBXBuildFile; fileRef = 755EFC7A24EDA02300A5AB48 /* SceneDelegate.swift */; };
		755EFC7D24EDA02300A5AB48 /* ViewController.swift in Sources */ = {isa = PBXBuildFile; fileRef = 755EFC7C24EDA02300A5AB48 /* ViewController.swift */; };
		755EFC8024EDA02300A5AB48 /* Main.storyboard in Resources */ = {isa = PBXBuildFile; fileRef = 755EFC7E24EDA02300A5AB48 /* Main.storyboard */; };
		755EFC8224EDA02600A5AB48 /* Assets.xcassets in Resources */ = {isa = PBXBuildFile; fileRef = 755EFC8124EDA02600A5AB48 /* Assets.xcassets */; };
		755EFC8524EDA02600A5AB48 /* LaunchScreen.storyboard in Resources */ = {isa = PBXBuildFile; fileRef = 755EFC8324EDA02600A5AB48 /* LaunchScreen.storyboard */; };
/* End PBXBuildFile section */

/* Begin PBXFileReference section */
		755EFC7524EDA02300A5AB48 /* 02-I am Poor.app */ = {isa = PBXFileReference; explicitFileType = wrapper.application; includeInIndex = 0; path = "02-I am Poor.app"; sourceTree = BUILT_PRODUCTS_DIR; };
		755EFC7824EDA02300A5AB48 /* AppDelegate.swift */ = {isa = PBXFileReference; lastKnownFileType = sourcecode.swift; path = AppDelegate.swift; sourceTree = "<group>"; };
		755EFC7A24EDA02300A5AB48 /* SceneDelegate.swift */ = {isa = PBXFileReference; lastKnownFileType = sourcecode.swift; path = SceneDelegate.swift; sourceTree = "<group>"; };
		755EFC7C24EDA02300A5AB48 /* ViewController.swift */ = {isa = PBXFileReference; lastKnownFileType = sourcecode.swift; path = ViewController.swift; sourceTree = "<group>"; };
		755EFC7F24EDA02300A5AB48 /* Base */ = {isa = PBXFileReference; lastKnownFileType = file.storyboard; name = Base; path = Base.lproj/Main.storyboard; sourceTree = "<group>"; };
		755EFC8124EDA02600A5AB48 /* Assets.xcassets */ = {isa = PBXFileReference; lastKnownFileType = folder.assetcatalog; path = Assets.xcassets; sourceTree = "<group>"; };
		755EFC8424EDA02600A5AB48 /* Base */ = {isa = PBXFileReference; lastKnownFileType = file.storyboard; name = Base; path = Base.lproj/LaunchScreen.storyboard; sourceTree = "<group>"; };
		755EFC8624EDA02600A5AB48 /* Info.plist */ = {isa = PBXFileReference; lastKnownFileType = text.plist.xml; path = Info.plist; sourceTree = "<group>"; };
/* End PBXFileReference section */

/* Begin PBXFrameworksBuildPhase section */
		755EFC7224EDA02300A5AB48 /* Frameworks */ = {
			isa = PBXFrameworksBuildPhase;
			buildActionMask = 2147483647;
			files = (
			);
			runOnlyForDeploymentPostprocessing = 0;
		};
/* End PBXFrameworksBuildPhase section */

/* Begin PBXGroup section */
		755EFC6C24EDA02300A5AB48 = {
			isa = PBXGroup;
			children = (
				755EFC7724EDA02300A5AB48 /* 02-I am Poor */,
				755EFC7624EDA02300A5AB48 /* Products */,
			);
			sourceTree = "<group>";
		};
		755EFC7624EDA02300A5AB48 /* Products */ = {
			isa = PBXGroup;
			children = (
				755EFC7524EDA02300A5AB48 /* 02-I am Poor.app */,
			);
			name = Products;
			sourceTree = "<group>";
		};
		755EFC7724EDA02300A5AB48 /* 02-I am Poor */ = {
			isa = PBXGroup;
			children = (
				755EFC7824EDA02300A5AB48 /* AppDelegate.swift */,
				755EFC7A24EDA02300A5AB48 /* SceneDelegate.swift */,
				755EFC7C24EDA02300A5AB48 /* ViewController.swift */,
				755EFC7E24EDA02300A5AB48 /* Main.storyboard */,
				755EFC8124EDA02600A5AB48 /* Assets.xcassets */,
				755EFC8324EDA02600A5AB48 /* LaunchScreen.storyboard */,
				755EFC8624EDA02600A5AB48 /* Info.plist */,
			);
			path = "02-I am Poor";
			sourceTree = "<group>";
		};
/* End PBXGroup section */

/* Begin PBXNativeTarget section */
		755EFC7424EDA02300A5AB48 /* 02-I am Poor */ = {
			isa = PBXNativeTarget;
			buildConfigurationList = 755EFC8924EDA02600A5AB48 /* Build configuration list for PBXNativeTarget "02-I am Poor" */;
			buildPhases = (
				755EFC7124EDA02300A5AB48 /* Sources */,
				755EFC7224EDA02300A5AB48 /* Frameworks */,
				755EFC7324EDA02300A5AB48 /* Resources */,
			);
			buildRules = (
			);
			dependencies = (
			);
			name = "02-I am Poor";
			productName = "02-I am Poor";
			productReference = 755EFC7524EDA02300A5AB48 /* 02-I am Poor.app */;
			productType = "com.apple.product-type.application";
		};
/* End PBXNativeTarget section */

/* Begin PBXProject section */
		755EFC6D24EDA02300A5AB48 /* Project object */ = {
			isa = PBXProject;
			attributes = {
				LastSwiftUpdateCheck = 1160;
				LastUpgradeCheck = 1160;
				ORGANIZATIONNAME = "Carlos Daniel Pedrerol";
				TargetAttributes = {
					755EFC7424EDA02300A5AB48 = {
						CreatedOnToolsVersion = 11.6;
					};
				};
			};
			buildConfigurationList = 755EFC7024EDA02300A5AB48 /* Build configuration list for PBXProject "02-I am Poor" */;
			compatibilityVersion = "Xcode 9.3";
			developmentRegion = en;
			hasScannedForEncodings = 0;
			knownRegions = (
				en,
				Base,
			);
			mainGroup = 755EFC6C24EDA02300A5AB48;
			productRefGroup = 755EFC7624EDA02300A5AB48 /* Products */;
			projectDirPath = "";
			projectRoot = "";
			targets = (
				755EFC7424EDA02300A5AB48 /* 02-I am Poor */,
			);
		};
/* End PBXProject section */

/* Begin PBXResourcesBuildPhase section */
		755EFC7324EDA02300A5AB48 /* Resources */ = {
			isa = PBXResourcesBuildPhase;
			buildActionMask = 2147483647;
			files = (
				755EFC8524EDA02600A5AB48 /* LaunchScreen.storyboard in Resources */,
				755EFC8224EDA02600A5AB48 /* Assets.xcassets in Resources */,
				755EFC8024EDA02300A5AB48 /* Main.storyboard in Resources */,
			);
			runOnlyForDeploymentPostprocessing = 0;
		};
/* End PBXResourcesBuildPhase section */

/* Begin PBXSourcesBuildPhase section */
		755EFC7124EDA02300A5AB48 /* Sources */ = {
			isa = PBXSourcesBuildPhase;
			buildActionMask = 2147483647;
			files = (
				755EFC7D24EDA02300A5AB48 /* ViewController.swift in Sources */,
				755EFC7924EDA02300A5AB48 /* AppDelegate.swift in Sources */,
				755EFC7B24EDA02300A5AB48 /* SceneDelegate.swift in Sources */,
			);
			runOnlyForDeploymentPostprocessing = 0;
		};
/* End PBXSourcesBuildPhase section */

/* Begin PBXVariantGroup section */
		755EFC7E24EDA02300A5AB48 /* Main.storyboard */ = {
			isa = PBXVariantGroup;
			children = (
				755EFC7F24EDA02300A5AB48 /* Base */,
			);
			name = Main.storyboard;
			sourceTree = "<group>";
		};
		755EFC8324EDA02600A5AB48 /* LaunchScreen.storyboard */ = {
			isa = PBXVariantGroup;
			children = (
				755EFC8424EDA02600A5AB48 /* Base */,
			);
			name = LaunchScreen.storyboard;
			sourceTree = "<group>";
		};
/* End PBXVariantGroup section */

/* Begin XCBuildConfiguration section */
		755EFC8724EDA02600A5AB48 /* Debug */ = {
			isa = XCBuildConfiguration;
			buildSettings = {
				ALWAYS_SEARCH_USER_PATHS = NO;
				CLANG_ANALYZER_NONNULL = YES;
				CLANG_ANALYZER_NUMBER_OBJECT_CONVERSION = YES_AGGRESSIVE;
				CLANG_CXX_LANGUAGE_STANDARD = "gnu++14";
				CLANG_CXX_LIBRARY = "libc++";
				CLANG_ENABLE_MODULES = YES;
				CLANG_ENABLE_OBJC_ARC = YES;
				CLANG_ENABLE_OBJC_WEAK = YES;
				CLANG_WARN_BLOCK_CAPTURE_AUTORELEASING = YES;
				CLANG_WARN_BOOL_CONVERSION = YES;
				CLANG_WARN_COMMA = YES;
				CLANG_WARN_CONSTANT_CONVERSION = YES;
				CLANG_WARN_DEPRECATED_OBJC_IMPLEMENTATIONS = YES;
				CLANG_WARN_DIRECT_OBJC_ISA_USAGE = YES_ERROR;
				CLANG_WARN_DOCUMENTATION_COMMENTS = YES;
				CLANG_WARN_EMPTY_BODY = YES;
				CLANG_WARN_ENUM_CONVERSION = YES;
				CLANG_WARN_INFINITE_RECURSION = YES;
				CLANG_WARN_INT_CONVERSION = YES;
				CLANG_WARN_NON_LITERAL_NULL_CONVERSION = YES;
				CLANG_WARN_OBJC_IMPLICIT_RETAIN_SELF = YES;
				CLANG_WARN_OBJC_LITERAL_CONVERSION = YES;
				CLANG_WARN_OBJC_ROOT_CLASS = YES_ERROR;
				CLANG_WARN_RANGE_LOOP_ANALYSIS = YES;
				CLANG_WARN_STRICT_PROTOTYPES = YES;
				CLANG_WARN_SUSPICIOUS_MOVE = YES;
				CLANG_WARN_UNGUARDED_AVAILABILITY = YES_AGGRESSIVE;
				CLANG_WARN_UNREACHABLE_CODE = YES;
				CLANG_WARN__DUPLICATE_METHOD_MATCH = YES;
				COPY_PHASE_STRIP = NO;
				DEBUG_INFORMATION_FORMAT = dwarf;
				ENABLE_STRICT_OBJC_MSGSEND = YES;
				ENABLE_TESTABILITY = YES;
				GCC_C_LANGUAGE_STANDARD = gnu11;
				GCC_DYNAMIC_NO_PIC = NO;
				GCC_NO_COMMON_BLOCKS = YES;
				GCC_OPTIMIZATION_LEVEL = 0;
				GCC_PREPROCESSOR_DEFINITIONS = (
					"DEBUG=1",
					"$(inherited)",
				);
				GCC_WARN_64_TO_32_BIT_CONVERSION = YES;
				GCC_WARN_ABOUT_RETURN_TYPE = YES_ERROR;
				GCC_WARN_UNDECLARED_SELECTOR = YES;
				GCC_WARN_UNINITIALIZED_AUTOS = YES_AGGRESSIVE;
				GCC_WARN_UNUSED_FUNCTION = YES;
				GCC_WARN_UNUSED_VARIABLE = YES;
				IPHONEOS_DEPLOYMENT_TARGET = 13.6;
				MTL_ENABLE_DEBUG_INFO = INCLUDE_SOURCE;
				MTL_FAST_MATH = YES;
				ONLY_ACTIVE_ARCH = YES;
				SDKROOT = iphoneos;
				SWIFT_ACTIVE_COMPILATION_CONDITIONS = DEBUG;
				SWIFT_OPTIMIZATION_LEVEL = "-Onone";
			};
			name = Debug;
		};
		755EFC8824EDA02600A5AB48 /* Release */ = {
			isa = XCBuildConfiguration;
			buildSettings = {
				ALWAYS_SEARCH_USER_PATHS = NO;
				CLANG_ANALYZER_NONNULL = YES;
				CLANG_ANALYZER_NUMBER_OBJECT_CONVERSION = YES_AGGRESSIVE;
				CLANG_CXX_LANGUAGE_STANDARD = "gnu++14";
				CLANG_CXX_LIBRARY = "libc++";
				CLANG_ENABLE_MODULES = YES;
				CLANG_ENABLE_OBJC_ARC = YES;
				CLANG_ENABLE_OBJC_WEAK = YES;
				CLANG_WARN_BLOCK_CAPTURE_AUTORELEASING = YES;
				CLANG_WARN_BOOL_CONVERSION = YES;
				CLANG_WARN_COMMA = YES;
				CLANG_WARN_CONSTANT_CONVERSION = YES;
				CLANG_WARN_DEPRECATED_OBJC_IMPLEMENTATIONS = YES;
				CLANG_WARN_DIRECT_OBJC_ISA_USAGE = YES_ERROR;
				CLANG_WARN_DOCUMENTATION_COMMENTS = YES;
				CLANG_WARN_EMPTY_BODY = YES;
				CLANG_WARN_ENUM_CONVERSION = YES;
				CLANG_WARN_INFINITE_RECURSION = YES;
				CLANG_WARN_INT_CONVERSION = YES;
				CLANG_WARN_NON_LITERAL_NULL_CONVERSION = YES;
				CLANG_WARN_OBJC_IMPLICIT_RETAIN_SELF = YES;
				CLANG_WARN_OBJC_LITERAL_CONVERSION = YES;
				CLANG_WARN_OBJC_ROOT_CLASS = YES_ERROR;
				CLANG_WARN_RANGE_LOOP_ANALYSIS = YES;
				CLANG_WARN_STRICT_PROTOTYPES = YES;
				CLANG_WARN_SUSPICIOUS_MOVE = YES;
				CLANG_WARN_UNGUARDED_AVAILABILITY = YES_AGGRESSIVE;
				CLANG_WARN_UNREACHABLE_CODE = YES;
				CLANG_WARN__DUPLICATE_METHOD_MATCH = YES;
				COPY_PHASE_STRIP = NO;
				DEBUG_INFORMATION_FORMAT = "dwarf-with-dsym";
				ENABLE_NS_ASSERTIONS = NO;
				ENABLE_STRICT_OBJC_MSGSEND = YES;
				GCC_C_LANGUAGE_STANDARD = gnu11;
				GCC_NO_COMMON_BLOCKS = YES;
				GCC_WARN_64_TO_32_BIT_CONVERSION = YES;
				GCC_WARN_ABOUT_RETURN_TYPE = YES_ERROR;
				GCC_WARN_UNDECLARED_SELECTOR = YES;
				GCC_WARN_UNINITIALIZED_AUTOS = YES_AGGRESSIVE;
				GCC_WARN_UNUSED_FUNCTION = YES;
				GCC_WARN_UNUSED_VARIABLE = YES;
				IPHONEOS_DEPLOYMENT_TARGET = 13.6;
				MTL_ENABLE_DEBUG_INFO = NO;
				MTL_FAST_MATH = YES;
				SDKROOT = iphoneos;
				SWIFT_COMPILATION_MODE = wholemodule;
				SWIFT_OPTIMIZATION_LEVEL = "-O";
				VALIDATE_PRODUCT = YES;
			};
			name = Release;
		};
		755EFC8A24EDA02600A5AB48 /* Debug */ = {
			isa = XCBuildConfiguration;
			buildSettings = {
				ASSETCATALOG_COMPILER_APPICON_NAME = AppIcon;
				CODE_SIGN_STYLE = Automatic;
				DEVELOPMENT_TEAM = 98U7PTVVWX;
				INFOPLIST_FILE = "02-I am Poor/Info.plist";
				LD_RUNPATH_SEARCH_PATHS = (
					"$(inherited)",
					"@executable_path/Frameworks",
				);
				PRODUCT_BUNDLE_IDENTIFIER = "com.daniitmusic.-2-I-am-Poor";
				PRODUCT_NAME = "$(TARGET_NAME)";
				SWIFT_VERSION = 5.0;
				TARGETED_DEVICE_FAMILY = "1,2";
			};
			name = Debug;
		};
		755EFC8B24EDA02600A5AB48 /* Release */ = {
			isa = XCBuildConfiguration;
			buildSettings = {
				ASSETCATALOG_COMPILER_APPICON_NAME = AppIcon;
				CODE_SIGN_STYLE = Automatic;
				DEVELOPMENT_TEAM = 98U7PTVVWX;
				INFOPLIST_FILE = "02-I am Poor/Info.plist";
				LD_RUNPATH_SEARCH_PATHS = (
					"$(inherited)",
					"@executable_path/Frameworks",
				);
				PRODUCT_BUNDLE_IDENTIFIER = "com.daniitmusic.-2-I-am-Poor";
				PRODUCT_NAME = "$(TARGET_NAME)";
				SWIFT_VERSION = 5.0;
				TARGETED_DEVICE_FAMILY = "1,2";
			};
			name = Release;
		};
/* End XCBuildConfiguration section */

/* Begin XCConfigurationList section */
		755EFC7024EDA02300A5AB48 /* Build configuration list for PBXProject "02-I am Poor" */ = {
			isa = XCConfigurationList;
			buildConfigurations = (
				755EFC8724EDA02600A5AB48 /* Debug */,
				755EFC8824EDA02600A5AB48 /* Release */,
			);
			defaultConfigurationIsVisible = 0;
			defaultConfigurationName = Release;
		};
		755EFC8924EDA02600A5AB48 /* Build configuration list for PBXNativeTarget "02-I am Poor" */ = {
			isa = XCConfigurationList;
			buildConfigurations = (
				755EFC8A24EDA02600A5AB48 /* Debug */,
				755EFC8B24EDA02600A5AB48 /* Release */,
			);
			defaultConfigurationIsVisible = 0;
			defaultConfigurationName = Release;
		};
/* End XCConfigurationList section */
	};
	rootObject = 755EFC6D24EDA02300A5AB48 /* Project object */;
}
